
Microsoft Visual Studio Solution File, Format Version 12.00
# Visual Studio Version 16
VisualStudioVersion = 16.0.31515.178
MinimumVisualStudioVersion = 10.0.40219.1
Project("{8BC9CEB8-8B4A-11D0-8D11-00A0C91BC942}") = "dom2020a", "dom2020a\dom2020a.vcxproj", "{ECA73D8B-3CCC-4679-91F8-E8E5F5CED5EE}"
EndProject
Project("{8BC9CEB8-8B4A-11D0-8D11-00A0C91BC942}") = "dom2020b", "dom2020b\dom2020b.vcxproj", "{B4EDB3F6-E024-4242-BC73-0EFCE25AAD8E}"
EndProject
Project("{8BC9CEB8-8B4A-11D0-8D11-00A0C91BC942}") = "dom2021d", "dom2021d\dom2021d.vcxproj", "{0FFF5080-C86A-4E75-BE97-9080079127C3}"
EndProject
Project("{8BC9CEB8-8B4A-11D0-8D11-00A0C91BC942}") = "dom2021c", "dom2021c\dom2021c.vcxproj", "{B04CC502-42C1-4ABD-834D-595AF6BA2FA2}"
EndProject
Project("{8BC9CEB8-8B4A-11D0-8D11-00A0C91BC942}") = "dom2021e", "dom2021e\dom2021e.vcxproj", "{FF6467EC-013C-4E71-A661-747C439C4EDC}"
EndProject
Project("{8BC9CEB8-8B4A-11D0-8D11-00A0C91BC942}") = "dom2021a", "dom2021a\dom2021a.vcxproj", "{B56EC75C-C2FF-4B1B-A9EF-9C29F695126C}"
EndProject
Project("{8BC9CEB8-8B4A-11D0-8D11-00A0C91BC942}") = "dom2021b", "dom2021b\dom2021b.vcxproj", "{A5A22C22-63F1-43B7-B9E8-BE49F232E7A8}"
EndProject
Project("{8BC9CEB8-8B4A-11D0-8D11-00A0C91BC942}") = "dom2022a", "dom2022a\dom2022a.vcxproj", "{D7B0211C-23F8-44F1-B883-2091291FECAD}"
EndProject
Project("{8BC9CEB8-8B4A-11D0-8D11-00A0C91BC942}") = "dom2022b", "dom2022b\dom2022b.vcxproj", "{BC4573FD-8976-48FA-8289-00106A697DE9}"
EndProject
Project("{8BC9CEB8-8B4A-11D0-8D11-00A0C91BC942}") = "dom2022c", "dom2022c\dom2022c.vcxproj", "{1058AD13-05C8-4067-8724-14C00CAEA103}"
EndProject
Project("{8BC9CEB8-8B4A-11D0-8D11-00A0C91BC942}") = "dom2022d", "dom2022d\dom2022d.vcxproj", "{A16495FA-8F14-460D-A037-E7AA006400E9}"
EndProject
Project("{8BC9CEB8-8B4A-11D0-8D11-00A0C91BC942}") = "dom2019a", "dom2019a\dom2019a.vcxproj", "{775EF025-5D24-4DE4-8520-E03B26E9EE4C}"
EndProject
Project("{8BC9CEB8-8B4A-11D0-8D11-00A0C91BC942}") = "dom2019b", "dom2019b\dom2019b.vcxproj", "{6603B0CD-C9D4-41D7-AB40-ACAD3409D724}"
EndProject
Project("{8BC9CEB8-8B4A-11D0-8D11-00A0C91BC942}") = "dom2019c", "dom2019c\dom2019c.vcxproj", "{EC99A35F-F037-4691-B708-E71907B44BAC}"
EndProject
Project("{8BC9CEB8-8B4A-11D0-8D11-00A0C91BC942}") = "dom2018a", "dom2018a\dom2018a.vcxproj", "{7C1E0352-BE76-48F3-908C-3EE30747A4C7}"
EndProject
Project("{8BC9CEB8-8B4A-11D0-8D11-00A0C91BC942}") = "dom2018b", "dom2018b\dom2018b.vcxproj", "{55ADFF63-B6C7-43EA-B7E4-14F9ACE2E9E2}"
EndProject
Project("{8BC9CEB8-8B4A-11D0-8D11-00A0C91BC942}") = "dom2018c", "dom2018c\dom2018c.vcxproj", "{92FC4584-A71A-4BF9-9322-197EB041C294}"
EndProject
Project("{8BC9CEB8-8B4A-11D0-8D11-00A0C91BC942}") = "dom2017a", "dom2017a\dom2017a.vcxproj", "{B282390A-0503-4A31-93FB-8BA6729EB8AB}"
EndProject
Project("{8BC9CEB8-8B4A-11D0-8D11-00A0C91BC942}") = "dom2017b", "dom2017b\dom2017b.vcxproj", "{89215DA1-403B-42A0-8FC5-44D31283BF3A}"
EndProject
Project("{8BC9CEB8-8B4A-11D0-8D11-00A0C91BC942}") = "dom2017c", "dom2017c\dom2017c.vcxproj", "{05BF6EE3-301F-4ABA-A7AF-404738F802E6}"
EndProject
Project("{8BC9CEB8-8B4A-11D0-8D11-00A0C91BC942}") = "dom2016a", "dom2016a\dom2016a.vcxproj", "{077AE7E9-56BC-45DE-B361-7BE5111434AE}"
EndProject
Project("{8BC9CEB8-8B4A-11D0-8D11-00A0C91BC942}") = "dom2023a", "dom2023a\dom2023a.vcxproj", "{C8C46DDC-DBFC-48DD-9DDB-8B656E11761B}"
EndProject
Project("{8BC9CEB8-8B4A-11D0-8D11-00A0C91BC942}") = "dom2023b", "dom2023b\dom2023b.vcxproj", "{D181C85F-547B-481E-A5DF-040DCDFFB204}"
EndProject
Project("{8BC9CEB8-8B4A-11D0-8D11-00A0C91BC942}") = "dom2023c", "dom2023c\dom2023c.vcxproj", "{52274E06-EDD9-42B4-8D41-C94B24D4EE74}"
EndProject
Global
	GlobalSection(SolutionConfigurationPlatforms) = preSolution
		Debug|x64 = Debug|x64
		Debug|x86 = Debug|x86
		Release|x64 = Release|x64
		Release|x86 = Release|x86
	EndGlobalSection
	GlobalSection(ProjectConfigurationPlatforms) = postSolution
		{ECA73D8B-3CCC-4679-91F8-E8E5F5CED5EE}.Debug|x64.ActiveCfg = Debug|x64
		{ECA73D8B-3CCC-4679-91F8-E8E5F5CED5EE}.Debug|x64.Build.0 = Debug|x64
		{ECA73D8B-3CCC-4679-91F8-E8E5F5CED5EE}.Debug|x86.ActiveCfg = Debug|Win32
		{ECA73D8B-3CCC-4679-91F8-E8E5F5CED5EE}.Debug|x86.Build.0 = Debug|Win32
		{ECA73D8B-3CCC-4679-91F8-E8E5F5CED5EE}.Release|x64.ActiveCfg = Release|x64
		{ECA73D8B-3CCC-4679-91F8-E8E5F5CED5EE}.Release|x64.Build.0 = Release|x64
		{ECA73D8B-3CCC-4679-91F8-E8E5F5CED5EE}.Release|x86.ActiveCfg = Release|Win32
		{ECA73D8B-3CCC-4679-91F8-E8E5F5CED5EE}.Release|x86.Build.0 = Release|Win32
		{B4EDB3F6-E024-4242-BC73-0EFCE25AAD8E}.Debug|x64.ActiveCfg = Debug|x64
		{B4EDB3F6-E024-4242-BC73-0EFCE25AAD8E}.Debug|x64.Build.0 = Debug|x64
		{B4EDB3F6-E024-4242-BC73-0EFCE25AAD8E}.Debug|x86.ActiveCfg = Debug|Win32
		{B4EDB3F6-E024-4242-BC73-0EFCE25AAD8E}.Debug|x86.Build.0 = Debug|Win32
		{B4EDB3F6-E024-4242-BC73-0EFCE25AAD8E}.Release|x64.ActiveCfg = Release|x64
		{B4EDB3F6-E024-4242-BC73-0EFCE25AAD8E}.Release|x64.Build.0 = Release|x64
		{B4EDB3F6-E024-4242-BC73-0EFCE25AAD8E}.Release|x86.ActiveCfg = Release|Win32
		{B4EDB3F6-E024-4242-BC73-0EFCE25AAD8E}.Release|x86.Build.0 = Release|Win32
		{0FFF5080-C86A-4E75-BE97-9080079127C3}.Debug|x64.ActiveCfg = Debug|x64
		{0FFF5080-C86A-4E75-BE97-9080079127C3}.Debug|x64.Build.0 = Debug|x64
		{0FFF5080-C86A-4E75-BE97-9080079127C3}.Debug|x86.ActiveCfg = Debug|Win32
		{0FFF5080-C86A-4E75-BE97-9080079127C3}.Debug|x86.Build.0 = Debug|Win32
		{0FFF5080-C86A-4E75-BE97-9080079127C3}.Release|x64.ActiveCfg = Release|x64
		{0FFF5080-C86A-4E75-BE97-9080079127C3}.Release|x64.Build.0 = Release|x64
		{0FFF5080-C86A-4E75-BE97-9080079127C3}.Release|x86.ActiveCfg = Release|Win32
		{0FFF5080-C86A-4E75-BE97-9080079127C3}.Release|x86.Build.0 = Release|Win32
		{B04CC502-42C1-4ABD-834D-595AF6BA2FA2}.Debug|x64.ActiveCfg = Debug|x64
		{B04CC502-42C1-4ABD-834D-595AF6BA2FA2}.Debug|x64.Build.0 = Debug|x64
		{B04CC502-42C1-4ABD-834D-595AF6BA2FA2}.Debug|x86.ActiveCfg = Debug|Win32
		{B04CC502-42C1-4ABD-834D-595AF6BA2FA2}.Debug|x86.Build.0 = Debug|Win32
		{B04CC502-42C1-4ABD-834D-595AF6BA2FA2}.Release|x64.ActiveCfg = Release|x64
		{B04CC502-42C1-4ABD-834D-595AF6BA2FA2}.Release|x64.Build.0 = Release|x64
		{B04CC502-42C1-4ABD-834D-595AF6BA2FA2}.Release|x86.ActiveCfg = Release|Win32
		{B04CC502-42C1-4ABD-834D-595AF6BA2FA2}.Release|x86.Build.0 = Release|Win32
		{FF6467EC-013C-4E71-A661-747C439C4EDC}.Debug|x64.ActiveCfg = Debug|x64
		{FF6467EC-013C-4E71-A661-747C439C4EDC}.Debug|x64.Build.0 = Debug|x64
		{FF6467EC-013C-4E71-A661-747C439C4EDC}.Debug|x86.ActiveCfg = Debug|Win32
		{FF6467EC-013C-4E71-A661-747C439C4EDC}.Debug|x86.Build.0 = Debug|Win32
		{FF6467EC-013C-4E71-A661-747C439C4EDC}.Release|x64.ActiveCfg = Release|x64
		{FF6467EC-013C-4E71-A661-747C439C4EDC}.Release|x64.Build.0 = Release|x64
		{FF6467EC-013C-4E71-A661-747C439C4EDC}.Release|x86.ActiveCfg = Release|Win32
		{FF6467EC-013C-4E71-A661-747C439C4EDC}.Release|x86.Build.0 = Release|Win32
		{B56EC75C-C2FF-4B1B-A9EF-9C29F695126C}.Debug|x64.ActiveCfg = Debug|x64
		{B56EC75C-C2FF-4B1B-A9EF-9C29F695126C}.Debug|x64.Build.0 = Debug|x64
		{B56EC75C-C2FF-4B1B-A9EF-9C29F695126C}.Debug|x86.ActiveCfg = Debug|Win32
		{B56EC75C-C2FF-4B1B-A9EF-9C29F695126C}.Debug|x86.Build.0 = Debug|Win32
		{B56EC75C-C2FF-4B1B-A9EF-9C29F695126C}.Release|x64.ActiveCfg = Release|x64
		{B56EC75C-C2FF-4B1B-A9EF-9C29F695126C}.Release|x64.Build.0 = Release|x64
		{B56EC75C-C2FF-4B1B-A9EF-9C29F695126C}.Release|x86.ActiveCfg = Release|Win32
		{B56EC75C-C2FF-4B1B-A9EF-9C29F695126C}.Release|x86.Build.0 = Release|Win32
		{A5A22C22-63F1-43B7-B9E8-BE49F232E7A8}.Debug|x64.ActiveCfg = Debug|x64
		{A5A22C22-63F1-43B7-B9E8-BE49F232E7A8}.Debug|x64.Build.0 = Debug|x64
		{A5A22C22-63F1-43B7-B9E8-BE49F232E7A8}.Debug|x86.ActiveCfg = Debug|Win32
		{A5A22C22-63F1-43B7-B9E8-BE49F232E7A8}.Debug|x86.Build.0 = Debug|Win32
		{A5A22C22-63F1-43B7-B9E8-BE49F232E7A8}.Release|x64.ActiveCfg = Release|x64
		{A5A22C22-63F1-43B7-B9E8-BE49F232E7A8}.Release|x64.Build.0 = Release|x64
		{A5A22C22-63F1-43B7-B9E8-BE49F232E7A8}.Release|x86.ActiveCfg = Release|Win32
		{A5A22C22-63F1-43B7-B9E8-BE49F232E7A8}.Release|x86.Build.0 = Release|Win32
		{D7B0211C-23F8-44F1-B883-2091291FECAD}.Debug|x64.ActiveCfg = Debug|x64
		{D7B0211C-23F8-44F1-B883-2091291FECAD}.Debug|x64.Build.0 = Debug|x64
		{D7B0211C-23F8-44F1-B883-2091291FECAD}.Debug|x86.ActiveCfg = Debug|Win32
		{D7B0211C-23F8-44F1-B883-2091291FECAD}.Debug|x86.Build.0 = Debug|Win32
		{D7B0211C-23F8-44F1-B883-2091291FECAD}.Release|x64.ActiveCfg = Release|x64
		{D7B0211C-23F8-44F1-B883-2091291FECAD}.Release|x64.Build.0 = Release|x64
		{D7B0211C-23F8-44F1-B883-2091291FECAD}.Release|x86.ActiveCfg = Release|Win32
		{D7B0211C-23F8-44F1-B883-2091291FECAD}.Release|x86.Build.0 = Release|Win32
		{BC4573FD-8976-48FA-8289-00106A697DE9}.Debug|x64.ActiveCfg = Debug|x64
		{BC4573FD-8976-48FA-8289-00106A697DE9}.Debug|x64.Build.0 = Debug|x64
		{BC4573FD-8976-48FA-8289-00106A697DE9}.Debug|x86.ActiveCfg = Debug|Win32
		{BC4573FD-8976-48FA-8289-00106A697DE9}.Debug|x86.Build.0 = Debug|Win32
		{BC4573FD-8976-48FA-8289-00106A697DE9}.Release|x64.ActiveCfg = Release|x64
		{BC4573FD-8976-48FA-8289-00106A697DE9}.Release|x64.Build.0 = Release|x64
		{BC4573FD-8976-48FA-8289-00106A697DE9}.Release|x86.ActiveCfg = Release|Win32
		{BC4573FD-8976-48FA-8289-00106A697DE9}.Release|x86.Build.0 = Release|Win32
		{1058AD13-05C8-4067-8724-14C00CAEA103}.Debug|x64.ActiveCfg = Debug|x64
		{1058AD13-05C8-4067-8724-14C00CAEA103}.Debug|x64.Build.0 = Debug|x64
		{1058AD13-05C8-4067-8724-14C00CAEA103}.Debug|x86.ActiveCfg = Debug|Win32
		{1058AD13-05C8-4067-8724-14C00CAEA103}.Debug|x86.Build.0 = Debug|Win32
		{1058AD13-05C8-4067-8724-14C00CAEA103}.Release|x64.ActiveCfg = Release|x64
		{1058AD13-05C8-4067-8724-14C00CAEA103}.Release|x64.Build.0 = Release|x64
		{1058AD13-05C8-4067-8724-14C00CAEA103}.Release|x86.ActiveCfg = Release|Win32
		{1058AD13-05C8-4067-8724-14C00CAEA103}.Release|x86.Build.0 = Release|Win32
		{A16495FA-8F14-460D-A037-E7AA006400E9}.Debug|x64.ActiveCfg = Debug|x64
		{A16495FA-8F14-460D-A037-E7AA006400E9}.Debug|x64.Build.0 = Debug|x64
		{A16495FA-8F14-460D-A037-E7AA006400E9}.Debug|x86.ActiveCfg = Debug|Win32
		{A16495FA-8F14-460D-A037-E7AA006400E9}.Debug|x86.Build.0 = Debug|Win32
		{A16495FA-8F14-460D-A037-E7AA006400E9}.Release|x64.ActiveCfg = Release|x64
		{A16495FA-8F14-460D-A037-E7AA006400E9}.Release|x64.Build.0 = Release|x64
		{A16495FA-8F14-460D-A037-E7AA006400E9}.Release|x86.ActiveCfg = Release|Win32
		{A16495FA-8F14-460D-A037-E7AA006400E9}.Release|x86.Build.0 = Release|Win32
		{775EF025-5D24-4DE4-8520-E03B26E9EE4C}.Debug|x64.ActiveCfg = Debug|x64
		{775EF025-5D24-4DE4-8520-E03B26E9EE4C}.Debug|x64.Build.0 = Debug|x64
		{775EF025-5D24-4DE4-8520-E03B26E9EE4C}.Debug|x86.ActiveCfg = Debug|Win32
		{775EF025-5D24-4DE4-8520-E03B26E9EE4C}.Debug|x86.Build.0 = Debug|Win32
		{775EF025-5D24-4DE4-8520-E03B26E9EE4C}.Release|x64.ActiveCfg = Release|x64
		{775EF025-5D24-4DE4-8520-E03B26E9EE4C}.Release|x64.Build.0 = Release|x64
		{775EF025-5D24-4DE4-8520-E03B26E9EE4C}.Release|x86.ActiveCfg = Release|Win32
		{775EF025-5D24-4DE4-8520-E03B26E9EE4C}.Release|x86.Build.0 = Release|Win32
		{6603B0CD-C9D4-41D7-AB40-ACAD3409D724}.Debug|x64.ActiveCfg = Debug|x64
		{6603B0CD-C9D4-41D7-AB40-ACAD3409D724}.Debug|x64.Build.0 = Debug|x64
		{6603B0CD-C9D4-41D7-AB40-ACAD3409D724}.Debug|x86.ActiveCfg = Debug|Win32
		{6603B0CD-C9D4-41D7-AB40-ACAD3409D724}.Debug|x86.Build.0 = Debug|Win32
		{6603B0CD-C9D4-41D7-AB40-ACAD3409D724}.Release|x64.ActiveCfg = Release|x64
		{6603B0CD-C9D4-41D7-AB40-ACAD3409D724}.Release|x64.Build.0 = Release|x64
		{6603B0CD-C9D4-41D7-AB40-ACAD3409D724}.Release|x86.ActiveCfg = Release|Win32
		{6603B0CD-C9D4-41D7-AB40-ACAD3409D724}.Release|x86.Build.0 = Release|Win32
		{EC99A35F-F037-4691-B708-E71907B44BAC}.Debug|x64.ActiveCfg = Debug|x64
		{EC99A35F-F037-4691-B708-E71907B44BAC}.Debug|x64.Build.0 = Debug|x64
		{EC99A35F-F037-4691-B708-E71907B44BAC}.Debug|x86.ActiveCfg = Debug|Win32
		{EC99A35F-F037-4691-B708-E71907B44BAC}.Debug|x86.Build.0 = Debug|Win32
		{EC99A35F-F037-4691-B708-E71907B44BAC}.Release|x64.ActiveCfg = Release|x64
		{EC99A35F-F037-4691-B708-E71907B44BAC}.Release|x64.Build.0 = Release|x64
		{EC99A35F-F037-4691-B708-E71907B44BAC}.Release|x86.ActiveCfg = Release|Win32
		{EC99A35F-F037-4691-B708-E71907B44BAC}.Release|x86.Build.0 = Release|Win32
		{7C1E0352-BE76-48F3-908C-3EE30747A4C7}.Debug|x64.ActiveCfg = Debug|x64
		{7C1E0352-BE76-48F3-908C-3EE30747A4C7}.Debug|x64.Build.0 = Debug|x64
		{7C1E0352-BE76-48F3-908C-3EE30747A4C7}.Debug|x86.ActiveCfg = Debug|Win32
		{7C1E0352-BE76-48F3-908C-3EE30747A4C7}.Debug|x86.Build.0 = Debug|Win32
		{7C1E0352-BE76-48F3-908C-3EE30747A4C7}.Release|x64.ActiveCfg = Release|x64
		{7C1E0352-BE76-48F3-908C-3EE30747A4C7}.Release|x64.Build.0 = Release|x64
		{7C1E0352-BE76-48F3-908C-3EE30747A4C7}.Release|x86.ActiveCfg = Release|Win32
		{7C1E0352-BE76-48F3-908C-3EE30747A4C7}.Release|x86.Build.0 = Release|Win32
		{55ADFF63-B6C7-43EA-B7E4-14F9ACE2E9E2}.Debug|x64.ActiveCfg = Debug|x64
		{55ADFF63-B6C7-43EA-B7E4-14F9ACE2E9E2}.Debug|x64.Build.0 = Debug|x64
		{55ADFF63-B6C7-43EA-B7E4-14F9ACE2E9E2}.Debug|x86.ActiveCfg = Debug|Win32
		{55ADFF63-B6C7-43EA-B7E4-14F9ACE2E9E2}.Debug|x86.Build.0 = Debug|Win32
		{55ADFF63-B6C7-43EA-B7E4-14F9ACE2E9E2}.Release|x64.ActiveCfg = Release|x64
		{55ADFF63-B6C7-43EA-B7E4-14F9ACE2E9E2}.Release|x64.Build.0 = Release|x64
		{55ADFF63-B6C7-43EA-B7E4-14F9ACE2E9E2}.Release|x86.ActiveCfg = Release|Win32
		{55ADFF63-B6C7-43EA-B7E4-14F9ACE2E9E2}.Release|x86.Build.0 = Release|Win32
		{92FC4584-A71A-4BF9-9322-197EB041C294}.Debug|x64.ActiveCfg = Debug|x64
		{92FC4584-A71A-4BF9-9322-197EB041C294}.Debug|x64.Build.0 = Debug|x64
		{92FC4584-A71A-4BF9-9322-197EB041C294}.Debug|x86.ActiveCfg = Debug|Win32
		{92FC4584-A71A-4BF9-9322-197EB041C294}.Debug|x86.Build.0 = Debug|Win32
		{92FC4584-A71A-4BF9-9322-197EB041C294}.Release|x64.ActiveCfg = Release|x64
		{92FC4584-A71A-4BF9-9322-197EB041C294}.Release|x64.Build.0 = Release|x64
		{92FC4584-A71A-4BF9-9322-197EB041C294}.Release|x86.ActiveCfg = Release|Win32
		{92FC4584-A71A-4BF9-9322-197EB041C294}.Release|x86.Build.0 = Release|Win32
		{B282390A-0503-4A31-93FB-8BA6729EB8AB}.Debug|x64.ActiveCfg = Debug|x64
		{B282390A-0503-4A31-93FB-8BA6729EB8AB}.Debug|x64.Build.0 = Debug|x64
		{B282390A-0503-4A31-93FB-8BA6729EB8AB}.Debug|x86.ActiveCfg = Debug|Win32
		{B282390A-0503-4A31-93FB-8BA6729EB8AB}.Debug|x86.Build.0 = Debug|Win32
		{B282390A-0503-4A31-93FB-8BA6729EB8AB}.Release|x64.ActiveCfg = Release|x64
		{B282390A-0503-4A31-93FB-8BA6729EB8AB}.Release|x64.Build.0 = Release|x64
		{B282390A-0503-4A31-93FB-8BA6729EB8AB}.Release|x86.ActiveCfg = Release|Win32
		{B282390A-0503-4A31-93FB-8BA6729EB8AB}.Release|x86.Build.0 = Release|Win32
		{89215DA1-403B-42A0-8FC5-44D31283BF3A}.Debug|x64.ActiveCfg = Debug|x64
		{89215DA1-403B-42A0-8FC5-44D31283BF3A}.Debug|x64.Build.0 = Debug|x64
		{89215DA1-403B-42A0-8FC5-44D31283BF3A}.Debug|x86.ActiveCfg = Debug|Win32
		{89215DA1-403B-42A0-8FC5-44D31283BF3A}.Debug|x86.Build.0 = Debug|Win32
		{89215DA1-403B-42A0-8FC5-44D31283BF3A}.Release|x64.ActiveCfg = Release|x64
		{89215DA1-403B-42A0-8FC5-44D31283BF3A}.Release|x64.Build.0 = Release|x64
		{89215DA1-403B-42A0-8FC5-44D31283BF3A}.Release|x86.ActiveCfg = Release|Win32
		{89215DA1-403B-42A0-8FC5-44D31283BF3A}.Release|x86.Build.0 = Release|Win32
		{05BF6EE3-301F-4ABA-A7AF-404738F802E6}.Debug|x64.ActiveCfg = Debug|x64
		{05BF6EE3-301F-4ABA-A7AF-404738F802E6}.Debug|x64.Build.0 = Debug|x64
		{05BF6EE3-301F-4ABA-A7AF-404738F802E6}.Debug|x86.ActiveCfg = Debug|Win32
		{05BF6EE3-301F-4ABA-A7AF-404738F802E6}.Debug|x86.Build.0 = Debug|Win32
		{05BF6EE3-301F-4ABA-A7AF-404738F802E6}.Release|x64.ActiveCfg = Release|x64
		{05BF6EE3-301F-4ABA-A7AF-404738F802E6}.Release|x64.Build.0 = Release|x64
		{05BF6EE3-301F-4ABA-A7AF-404738F802E6}.Release|x86.ActiveCfg = Release|Win32
		{05BF6EE3-301F-4ABA-A7AF-404738F802E6}.Release|x86.Build.0 = Release|Win32
		{077AE7E9-56BC-45DE-B361-7BE5111434AE}.Debug|x64.ActiveCfg = Debug|x64
		{077AE7E9-56BC-45DE-B361-7BE5111434AE}.Debug|x64.Build.0 = Debug|x64
		{077AE7E9-56BC-45DE-B361-7BE5111434AE}.Debug|x86.ActiveCfg = Debug|Win32
		{077AE7E9-56BC-45DE-B361-7BE5111434AE}.Debug|x86.Build.0 = Debug|Win32
		{077AE7E9-56BC-45DE-B361-7BE5111434AE}.Release|x64.ActiveCfg = Release|x64
		{077AE7E9-56BC-45DE-B361-7BE5111434AE}.Release|x64.Build.0 = Release|x64
		{077AE7E9-56BC-45DE-B361-7BE5111434AE}.Release|x86.ActiveCfg = Release|Win32
		{077AE7E9-56BC-45DE-B361-7BE5111434AE}.Release|x86.Build.0 = Release|Win32
		{C8C46DDC-DBFC-48DD-9DDB-8B656E11761B}.Debug|x64.ActiveCfg = Debug|x64
		{C8C46DDC-DBFC-48DD-9DDB-8B656E11761B}.Debug|x64.Build.0 = Debug|x64
		{C8C46DDC-DBFC-48DD-9DDB-8B656E11761B}.Debug|x86.ActiveCfg = Debug|Win32
		{C8C46DDC-DBFC-48DD-9DDB-8B656E11761B}.Debug|x86.Build.0 = Debug|Win32
		{C8C46DDC-DBFC-48DD-9DDB-8B656E11761B}.Release|x64.ActiveCfg = Release|x64
		{C8C46DDC-DBFC-48DD-9DDB-8B656E11761B}.Release|x64.Build.0 = Release|x64
		{C8C46DDC-DBFC-48DD-9DDB-8B656E11761B}.Release|x86.ActiveCfg = Release|Win32
		{C8C46DDC-DBFC-48DD-9DDB-8B656E11761B}.Release|x86.Build.0 = Release|Win32
		{D181C85F-547B-481E-A5DF-040DCDFFB204}.Debug|x64.ActiveCfg = Debug|x64
		{D181C85F-547B-481E-A5DF-040DCDFFB204}.Debug|x64.Build.0 = Debug|x64
		{D181C85F-547B-481E-A5DF-040DCDFFB204}.Debug|x86.ActiveCfg = Debug|Win32
		{D181C85F-547B-481E-A5DF-040DCDFFB204}.Debug|x86.Build.0 = Debug|Win32
		{D181C85F-547B-481E-A5DF-040DCDFFB204}.Release|x64.ActiveCfg = Release|x64
		{D181C85F-547B-481E-A5DF-040DCDFFB204}.Release|x64.Build.0 = Release|x64
		{D181C85F-547B-481E-A5DF-040DCDFFB204}.Release|x86.ActiveCfg = Release|Win32
		{D181C85F-547B-481E-A5DF-040DCDFFB204}.Release|x86.Build.0 = Release|Win32
		{52274E06-EDD9-42B4-8D41-C94B24D4EE74}.Debug|x64.ActiveCfg = Debug|x64
		{52274E06-EDD9-42B4-8D41-C94B24D4EE74}.Debug|x64.Build.0 = Debug|x64
		{52274E06-EDD9-42B4-8D41-C94B24D4EE74}.Debug|x86.ActiveCfg = Debug|Win32
		{52274E06-EDD9-42B4-8D41-C94B24D4EE74}.Debug|x86.Build.0 = Debug|Win32
		{52274E06-EDD9-42B4-8D41-C94B24D4EE74}.Release|x64.ActiveCfg = Release|x64
		{52274E06-EDD9-42B4-8D41-C94B24D4EE74}.Release|x64.Build.0 = Release|x64
		{52274E06-EDD9-42B4-8D41-C94B24D4EE74}.Release|x86.ActiveCfg = Release|Win32
		{52274E06-EDD9-42B4-8D41-C94B24D4EE74}.Release|x86.Build.0 = Release|Win32
	EndGlobalSection
	GlobalSection(SolutionProperties) = preSolution
		HideSolutionNode = FALSE
	EndGlobalSection
	GlobalSection(ExtensibilityGlobals) = postSolution
		SolutionGuid = {313547FA-D2B6-4F96-B032-AEC7185210A3}
	EndGlobalSection
EndGlobal
